// !$*UTF8*$!
{
	archiveVersion = 1;
	classes = {
	};
	objectVersion = 55;
	objects = {

/* Begin PBXBuildFile section */
		CE17CBC428C59705009B1CDE /* HomeViewController.swift in Sources */ = {isa = PBXBuildFile; fileRef = CE17CBC328C59705009B1CDE /* HomeViewController.swift */; };
		CE17CBC628C59A3B009B1CDE /* CustomError.swift in Sources */ = {isa = PBXBuildFile; fileRef = CE17CBC528C59A3B009B1CDE /* CustomError.swift */; };
		CE17CBC828C66662009B1CDE /* HomePresenter.swift in Sources */ = {isa = PBXBuildFile; fileRef = CE17CBC728C66662009B1CDE /* HomePresenter.swift */; };
		CE17CBCD28C667EF009B1CDE /* HomeService.swift in Sources */ = {isa = PBXBuildFile; fileRef = CE17CBCC28C667EF009B1CDE /* HomeService.swift */; };
		CE17CBCF28C672D2009B1CDE /* HomeViewModel.swift in Sources */ = {isa = PBXBuildFile; fileRef = CE17CBCE28C672D2009B1CDE /* HomeViewModel.swift */; };
		CE17CBD128C675A0009B1CDE /* HomeFactory.swift in Sources */ = {isa = PBXBuildFile; fileRef = CE17CBD028C675A0009B1CDE /* HomeFactory.swift */; };
		CE4416DF28CA99E800FF18FC /* HomePresenterTests.swift in Sources */ = {isa = PBXBuildFile; fileRef = CE4416DE28CA99E800FF18FC /* HomePresenterTests.swift */; };
		CEEE97F528C5895B0071BED0 /* AppDelegate.swift in Sources */ = {isa = PBXBuildFile; fileRef = CEEE97F428C5895B0071BED0 /* AppDelegate.swift */; };
		CEEE97FE28C5895C0071BED0 /* Assets.xcassets in Resources */ = {isa = PBXBuildFile; fileRef = CEEE97FD28C5895C0071BED0 /* Assets.xcassets */; };
		CEEE980128C5895C0071BED0 /* LaunchScreen.storyboard in Resources */ = {isa = PBXBuildFile; fileRef = CEEE97FF28C5895C0071BED0 /* LaunchScreen.storyboard */; };
		CEEE980928C58D140071BED0 /* Pokemon.swift in Sources */ = {isa = PBXBuildFile; fileRef = CEEE980828C58D140071BED0 /* Pokemon.swift */; };
/* End PBXBuildFile section */

/* Begin PBXContainerItemProxy section */
		CE4416D828CA99CC00FF18FC /* PBXContainerItemProxy */ = {
			isa = PBXContainerItemProxy;
			containerPortal = CEEE97E928C5895B0071BED0 /* Project object */;
			proxyType = 1;
			remoteGlobalIDString = CEEE97F028C5895B0071BED0;
			remoteInfo = PokeApp;
		};
/* End PBXContainerItemProxy section */

/* Begin PBXFileReference section */
		CE17CBC328C59705009B1CDE /* HomeViewController.swift */ = {isa = PBXFileReference; lastKnownFileType = sourcecode.swift; path = HomeViewController.swift; sourceTree = "<group>"; };
		CE17CBC528C59A3B009B1CDE /* CustomError.swift */ = {isa = PBXFileReference; lastKnownFileType = sourcecode.swift; path = CustomError.swift; sourceTree = "<group>"; };
		CE17CBC728C66662009B1CDE /* HomePresenter.swift */ = {isa = PBXFileReference; lastKnownFileType = sourcecode.swift; path = HomePresenter.swift; sourceTree = "<group>"; };
		CE17CBCC28C667EF009B1CDE /* HomeService.swift */ = {isa = PBXFileReference; lastKnownFileType = sourcecode.swift; path = HomeService.swift; sourceTree = "<group>"; };
		CE17CBCE28C672D2009B1CDE /* HomeViewModel.swift */ = {isa = PBXFileReference; lastKnownFileType = sourcecode.swift; path = HomeViewModel.swift; sourceTree = "<group>"; };
		CE17CBD028C675A0009B1CDE /* HomeFactory.swift */ = {isa = PBXFileReference; lastKnownFileType = sourcecode.swift; path = HomeFactory.swift; sourceTree = "<group>"; };
		CE4416D428CA99CC00FF18FC /* PokeAppTests.xctest */ = {isa = PBXFileReference; explicitFileType = wrapper.cfbundle; includeInIndex = 0; path = PokeAppTests.xctest; sourceTree = BUILT_PRODUCTS_DIR; };
		CE4416DE28CA99E800FF18FC /* HomePresenterTests.swift */ = {isa = PBXFileReference; lastKnownFileType = sourcecode.swift; path = HomePresenterTests.swift; sourceTree = "<group>"; };
		CEEE97F128C5895B0071BED0 /* PokeApp.app */ = {isa = PBXFileReference; explicitFileType = wrapper.application; includeInIndex = 0; path = PokeApp.app; sourceTree = BUILT_PRODUCTS_DIR; };
		CEEE97F428C5895B0071BED0 /* AppDelegate.swift */ = {isa = PBXFileReference; lastKnownFileType = sourcecode.swift; path = AppDelegate.swift; sourceTree = "<group>"; };
		CEEE97FD28C5895C0071BED0 /* Assets.xcassets */ = {isa = PBXFileReference; lastKnownFileType = folder.assetcatalog; path = Assets.xcassets; sourceTree = "<group>"; };
		CEEE980028C5895C0071BED0 /* Base */ = {isa = PBXFileReference; lastKnownFileType = file.storyboard; name = Base; path = Base.lproj/LaunchScreen.storyboard; sourceTree = "<group>"; };
		CEEE980228C5895C0071BED0 /* Info.plist */ = {isa = PBXFileReference; lastKnownFileType = text.plist.xml; path = Info.plist; sourceTree = "<group>"; };
		CEEE980828C58D140071BED0 /* Pokemon.swift */ = {isa = PBXFileReference; lastKnownFileType = sourcecode.swift; path = Pokemon.swift; sourceTree = "<group>"; };
/* End PBXFileReference section */

/* Begin PBXFrameworksBuildPhase section */
		CE4416D128CA99CC00FF18FC /* Frameworks */ = {
			isa = PBXFrameworksBuildPhase;
			buildActionMask = 2147483647;
			files = (
			);
			runOnlyForDeploymentPostprocessing = 0;
		};
		CEEE97EE28C5895B0071BED0 /* Frameworks */ = {
			isa = PBXFrameworksBuildPhase;
			buildActionMask = 2147483647;
			files = (
			);
			runOnlyForDeploymentPostprocessing = 0;
		};
/* End PBXFrameworksBuildPhase section */

/* Begin PBXGroup section */
		CE17CBC928C666B6009B1CDE /* Model */ = {
			isa = PBXGroup;
			children = (
				CEEE980828C58D140071BED0 /* Pokemon.swift */,
			);
			path = Model;
			sourceTree = "<group>";
		};
		CE17CBCA28C666C2009B1CDE /* Home */ = {
			isa = PBXGroup;
			children = (
				CE17CBC328C59705009B1CDE /* HomeViewController.swift */,
				CE17CBC728C66662009B1CDE /* HomePresenter.swift */,
				CE17CBCC28C667EF009B1CDE /* HomeService.swift */,
				CE17CBCE28C672D2009B1CDE /* HomeViewModel.swift */,
				CE17CBD028C675A0009B1CDE /* HomeFactory.swift */,
			);
			path = Home;
			sourceTree = "<group>";
		};
		CE17CBD228C67638009B1CDE /* Error */ = {
			isa = PBXGroup;
			children = (
				CE17CBC528C59A3B009B1CDE /* CustomError.swift */,
			);
			path = Error;
			sourceTree = "<group>";
		};
		CE4416D528CA99CC00FF18FC /* PokeAppTests */ = {
			isa = PBXGroup;
			children = (
				CE4416DD28CA99D900FF18FC /* Home */,
			);
			path = PokeAppTests;
			sourceTree = "<group>";
		};
		CE4416DD28CA99D900FF18FC /* Home */ = {
			isa = PBXGroup;
			children = (
				CE4416DE28CA99E800FF18FC /* HomePresenterTests.swift */,
			);
			path = Home;
			sourceTree = "<group>";
		};
		CEEE97E828C5895B0071BED0 = {
			isa = PBXGroup;
			children = (
				CEEE97F328C5895B0071BED0 /* PokeApp */,
				CE4416D528CA99CC00FF18FC /* PokeAppTests */,
				CEEE97F228C5895B0071BED0 /* Products */,
			);
			sourceTree = "<group>";
		};
		CEEE97F228C5895B0071BED0 /* Products */ = {
			isa = PBXGroup;
			children = (
				CEEE97F128C5895B0071BED0 /* PokeApp.app */,
				CE4416D428CA99CC00FF18FC /* PokeAppTests.xctest */,
			);
			name = Products;
			sourceTree = "<group>";
		};
		CEEE97F328C5895B0071BED0 /* PokeApp */ = {
			isa = PBXGroup;
			children = (
				CE17CBD228C67638009B1CDE /* Error */,
				CE17CBCA28C666C2009B1CDE /* Home */,
				CE17CBC928C666B6009B1CDE /* Model */,
				CEEE97F428C5895B0071BED0 /* AppDelegate.swift */,
				CEEE97FD28C5895C0071BED0 /* Assets.xcassets */,
				CEEE97FF28C5895C0071BED0 /* LaunchScreen.storyboard */,
				CEEE980228C5895C0071BED0 /* Info.plist */,
			);
			path = PokeApp;
			sourceTree = "<group>";
		};
/* End PBXGroup section */

/* Begin PBXNativeTarget section */
		CE4416D328CA99CC00FF18FC /* PokeAppTests */ = {
			isa = PBXNativeTarget;
			buildConfigurationList = CE4416DC28CA99CC00FF18FC /* Build configuration list for PBXNativeTarget "PokeAppTests" */;
			buildPhases = (
				CE4416D028CA99CC00FF18FC /* Sources */,
				CE4416D128CA99CC00FF18FC /* Frameworks */,
				CE4416D228CA99CC00FF18FC /* Resources */,
			);
			buildRules = (
			);
			dependencies = (
				CE4416D928CA99CC00FF18FC /* PBXTargetDependency */,
			);
			name = PokeAppTests;
			productName = PokeAppTests;
			productReference = CE4416D428CA99CC00FF18FC /* PokeAppTests.xctest */;
			productType = "com.apple.product-type.bundle.unit-test";
		};
		CEEE97F028C5895B0071BED0 /* PokeApp */ = {
			isa = PBXNativeTarget;
			buildConfigurationList = CEEE980528C5895C0071BED0 /* Build configuration list for PBXNativeTarget "PokeApp" */;
			buildPhases = (
				CEEE97ED28C5895B0071BED0 /* Sources */,
				CEEE97EE28C5895B0071BED0 /* Frameworks */,
				CEEE97EF28C5895B0071BED0 /* Resources */,
			);
			buildRules = (
			);
			dependencies = (
			);
			name = PokeApp;
			productName = PokeApp;
			productReference = CEEE97F128C5895B0071BED0 /* PokeApp.app */;
			productType = "com.apple.product-type.application";
		};
/* End PBXNativeTarget section */

/* Begin PBXProject section */
		CEEE97E928C5895B0071BED0 /* Project object */ = {
			isa = PBXProject;
			attributes = {
				BuildIndependentTargetsInParallel = 1;
				LastSwiftUpdateCheck = 1340;
				LastUpgradeCheck = 1340;
				TargetAttributes = {
					CE4416D328CA99CC00FF18FC = {
						CreatedOnToolsVersion = 13.4.1;
						TestTargetID = CEEE97F028C5895B0071BED0;
					};
					CEEE97F028C5895B0071BED0 = {
						CreatedOnToolsVersion = 13.4.1;
					};
				};
			};
			buildConfigurationList = CEEE97EC28C5895B0071BED0 /* Build configuration list for PBXProject "PokeApp" */;
			compatibilityVersion = "Xcode 13.0";
			developmentRegion = en;
			hasScannedForEncodings = 0;
			knownRegions = (
				en,
				Base,
			);
			mainGroup = CEEE97E828C5895B0071BED0;
			productRefGroup = CEEE97F228C5895B0071BED0 /* Products */;
			projectDirPath = "";
			projectRoot = "";
			targets = (
				CEEE97F028C5895B0071BED0 /* PokeApp */,
				CE4416D328CA99CC00FF18FC /* PokeAppTests */,
			);
		};
/* End PBXProject section */

/* Begin PBXResourcesBuildPhase section */
		CE4416D228CA99CC00FF18FC /* Resources */ = {
			isa = PBXResourcesBuildPhase;
			buildActionMask = 2147483647;
			files = (
			);
			runOnlyForDeploymentPostprocessing = 0;
		};
		CEEE97EF28C5895B0071BED0 /* Resources */ = {
			isa = PBXResourcesBuildPhase;
			buildActionMask = 2147483647;
			files = (
				CEEE980128C5895C0071BED0 /* LaunchScreen.storyboard in Resources */,
				CEEE97FE28C5895C0071BED0 /* Assets.xcassets in Resources */,
			);
			runOnlyForDeploymentPostprocessing = 0;
		};
/* End PBXResourcesBuildPhase section */

/* Begin PBXSourcesBuildPhase section */
		CE4416D028CA99CC00FF18FC /* Sources */ = {
			isa = PBXSourcesBuildPhase;
			buildActionMask = 2147483647;
			files = (
				CE4416DF28CA99E800FF18FC /* HomePresenterTests.swift in Sources */,
			);
			runOnlyForDeploymentPostprocessing = 0;
		};
		CEEE97ED28C5895B0071BED0 /* Sources */ = {
			isa = PBXSourcesBuildPhase;
			buildActionMask = 2147483647;
			files = (
				CE17CBCD28C667EF009B1CDE /* HomeService.swift in Sources */,
				CE17CBC428C59705009B1CDE /* HomeViewController.swift in Sources */,
				CE17CBC628C59A3B009B1CDE /* CustomError.swift in Sources */,
				CE17CBCF28C672D2009B1CDE /* HomeViewModel.swift in Sources */,
				CEEE980928C58D140071BED0 /* Pokemon.swift in Sources */,
				CEEE97F528C5895B0071BED0 /* AppDelegate.swift in Sources */,
				CE17CBC828C66662009B1CDE /* HomePresenter.swift in Sources */,
				CE17CBD128C675A0009B1CDE /* HomeFactory.swift in Sources */,
			);
			runOnlyForDeploymentPostprocessing = 0;
		};
/* End PBXSourcesBuildPhase section */

/* Begin PBXTargetDependency section */
		CE4416D928CA99CC00FF18FC /* PBXTargetDependency */ = {
			isa = PBXTargetDependency;
			target = CEEE97F028C5895B0071BED0 /* PokeApp */;
			targetProxy = CE4416D828CA99CC00FF18FC /* PBXContainerItemProxy */;
		};
/* End PBXTargetDependency section */

/* Begin PBXVariantGroup section */
		CEEE97FF28C5895C0071BED0 /* LaunchScreen.storyboard */ = {
			isa = PBXVariantGroup;
			children = (
				CEEE980028C5895C0071BED0 /* Base */,
			);
			name = LaunchScreen.storyboard;
			sourceTree = "<group>";
		};
/* End PBXVariantGroup section */

/* Begin XCBuildConfiguration section */
		CE4416DA28CA99CC00FF18FC /* Debug */ = {
			isa = XCBuildConfiguration;
			buildSettings = {
				BUNDLE_LOADER = "$(TEST_HOST)";
				CODE_SIGN_STYLE = Automatic;
				CURRENT_PROJECT_VERSION = 1;
				GENERATE_INFOPLIST_FILE = YES;
				MARKETING_VERSION = 1.0;
				PRODUCT_BUNDLE_IDENTIFIER = sales.mentor.nnt.com.PokeAppTests;
				PRODUCT_NAME = "$(TARGET_NAME)";
				SWIFT_EMIT_LOC_STRINGS = NO;
				SWIFT_VERSION = 5.0;
				TARGETED_DEVICE_FAMILY = "1,2";
				TEST_HOST = "$(BUILT_PRODUCTS_DIR)/PokeApp.app/PokeApp";
			};
			name = Debug;
		};
		CE4416DB28CA99CC00FF18FC /* Release */ = {
			isa = XCBuildConfiguration;
			buildSettings = {
				BUNDLE_LOADER = "$(TEST_HOST)";
				CODE_SIGN_STYLE = Automatic;
				CURRENT_PROJECT_VERSION = 1;
				GENERATE_INFOPLIST_FILE = YES;
				MARKETING_VERSION = 1.0;
				PRODUCT_BUNDLE_IDENTIFIER = sales.mentor.nnt.com.PokeAppTests;
				PRODUCT_NAME = "$(TARGET_NAME)";
				SWIFT_EMIT_LOC_STRINGS = NO;
				SWIFT_VERSION = 5.0;
				TARGETED_DEVICE_FAMILY = "1,2";
				TEST_HOST = "$(BUILT_PRODUCTS_DIR)/PokeApp.app/PokeApp";
			};
			name = Release;
		};
		CEEE980328C5895C0071BED0 /* Debug */ = {
			isa = XCBuildConfiguration;
			buildSettings = {
				ALWAYS_SEARCH_USER_PATHS = NO;
				CLANG_ANALYZER_NONNULL = YES;
				CLANG_ANALYZER_NUMBER_OBJECT_CONVERSION = YES_AGGRESSIVE;
				CLANG_CXX_LANGUAGE_STANDARD = "gnu++17";
				CLANG_ENABLE_MODULES = YES;
				CLANG_ENABLE_OBJC_ARC = YES;
				CLANG_ENABLE_OBJC_WEAK = YES;
				CLANG_WARN_BLOCK_CAPTURE_AUTORELEASING = YES;
				CLANG_WARN_BOOL_CONVERSION = YES;
				CLANG_WARN_COMMA = YES;
				CLANG_WARN_CONSTANT_CONVERSION = YES;
				CLANG_WARN_DEPRECATED_OBJC_IMPLEMENTATIONS = YES;
				CLANG_WARN_DIRECT_OBJC_ISA_USAGE = YES_ERROR;
				CLANG_WARN_DOCUMENTATION_COMMENTS = YES;
				CLANG_WARN_EMPTY_BODY = YES;
				CLANG_WARN_ENUM_CONVERSION = YES;
				CLANG_WARN_INFINITE_RECURSION = YES;
				CLANG_WARN_INT_CONVERSION = YES;
				CLANG_WARN_NON_LITERAL_NULL_CONVERSION = YES;
				CLANG_WARN_OBJC_IMPLICIT_RETAIN_SELF = YES;
				CLANG_WARN_OBJC_LITERAL_CONVERSION = YES;
				CLANG_WARN_OBJC_ROOT_CLASS = YES_ERROR;
				CLANG_WARN_QUOTED_INCLUDE_IN_FRAMEWORK_HEADER = YES;
				CLANG_WARN_RANGE_LOOP_ANALYSIS = YES;
				CLANG_WARN_STRICT_PROTOTYPES = YES;
				CLANG_WARN_SUSPICIOUS_MOVE = YES;
				CLANG_WARN_UNGUARDED_AVAILABILITY = YES_AGGRESSIVE;
				CLANG_WARN_UNREACHABLE_CODE = YES;
				CLANG_WARN__DUPLICATE_METHOD_MATCH = YES;
				COPY_PHASE_STRIP = NO;
				DEBUG_INFORMATION_FORMAT = dwarf;
				ENABLE_STRICT_OBJC_MSGSEND = YES;
				ENABLE_TESTABILITY = YES;
				GCC_C_LANGUAGE_STANDARD = gnu11;
				GCC_DYNAMIC_NO_PIC = NO;
				GCC_NO_COMMON_BLOCKS = YES;
				GCC_OPTIMIZATION_LEVEL = 0;
				GCC_PREPROCESSOR_DEFINITIONS = (
					"DEBUG=1",
					"$(inherited)",
				);
				GCC_WARN_64_TO_32_BIT_CONVERSION = YES;
				GCC_WARN_ABOUT_RETURN_TYPE = YES_ERROR;
				GCC_WARN_UNDECLARED_SELECTOR = YES;
				GCC_WARN_UNINITIALIZED_AUTOS = YES_AGGRESSIVE;
				GCC_WARN_UNUSED_FUNCTION = YES;
				GCC_WARN_UNUSED_VARIABLE = YES;
				IPHONEOS_DEPLOYMENT_TARGET = 15.5;
				MTL_ENABLE_DEBUG_INFO = INCLUDE_SOURCE;
				MTL_FAST_MATH = YES;
				ONLY_ACTIVE_ARCH = YES;
				SDKROOT = iphoneos;
				SWIFT_ACTIVE_COMPILATION_CONDITIONS = DEBUG;
				SWIFT_OPTIMIZATION_LEVEL = "-Onone";
			};
			name = Debug;
		};
		CEEE980428C5895C0071BED0 /* Release */ = {
			isa = XCBuildConfiguration;
			buildSettings = {
				ALWAYS_SEARCH_USER_PATHS = NO;
				CLANG_ANALYZER_NONNULL = YES;
				CLANG_ANALYZER_NUMBER_OBJECT_CONVERSION = YES_AGGRESSIVE;
				CLANG_CXX_LANGUAGE_STANDARD = "gnu++17";
				CLANG_ENABLE_MODULES = YES;
				CLANG_ENABLE_OBJC_ARC = YES;
				CLANG_ENABLE_OBJC_WEAK = YES;
				CLANG_WARN_BLOCK_CAPTURE_AUTORELEASING = YES;
				CLANG_WARN_BOOL_CONVERSION = YES;
				CLANG_WARN_COMMA = YES;
				CLANG_WARN_CONSTANT_CONVERSION = YES;
				CLANG_WARN_DEPRECATED_OBJC_IMPLEMENTATIONS = YES;
				CLANG_WARN_DIRECT_OBJC_ISA_USAGE = YES_ERROR;
				CLANG_WARN_DOCUMENTATION_COMMENTS = YES;
				CLANG_WARN_EMPTY_BODY = YES;
				CLANG_WARN_ENUM_CONVERSION = YES;
				CLANG_WARN_INFINITE_RECURSION = YES;
				CLANG_WARN_INT_CONVERSION = YES;
				CLANG_WARN_NON_LITERAL_NULL_CONVERSION = YES;
				CLANG_WARN_OBJC_IMPLICIT_RETAIN_SELF = YES;
				CLANG_WARN_OBJC_LITERAL_CONVERSION = YES;
				CLANG_WARN_OBJC_ROOT_CLASS = YES_ERROR;
				CLANG_WARN_QUOTED_INCLUDE_IN_FRAMEWORK_HEADER = YES;
				CLANG_WARN_RANGE_LOOP_ANALYSIS = YES;
				CLANG_WARN_STRICT_PROTOTYPES = YES;
				CLANG_WARN_SUSPICIOUS_MOVE = YES;
				CLANG_WARN_UNGUARDED_AVAILABILITY = YES_AGGRESSIVE;
				CLANG_WARN_UNREACHABLE_CODE = YES;
				CLANG_WARN__DUPLICATE_METHOD_MATCH = YES;
				COPY_PHASE_STRIP = NO;
				DEBUG_INFORMATION_FORMAT = "dwarf-with-dsym";
				ENABLE_NS_ASSERTIONS = NO;
				ENABLE_STRICT_OBJC_MSGSEND = YES;
				GCC_C_LANGUAGE_STANDARD = gnu11;
				GCC_NO_COMMON_BLOCKS = YES;
				GCC_WARN_64_TO_32_BIT_CONVERSION = YES;
				GCC_WARN_ABOUT_RETURN_TYPE = YES_ERROR;
				GCC_WARN_UNDECLARED_SELECTOR = YES;
				GCC_WARN_UNINITIALIZED_AUTOS = YES_AGGRESSIVE;
				GCC_WARN_UNUSED_FUNCTION = YES;
				GCC_WARN_UNUSED_VARIABLE = YES;
				IPHONEOS_DEPLOYMENT_TARGET = 15.5;
				MTL_ENABLE_DEBUG_INFO = NO;
				MTL_FAST_MATH = YES;
				SDKROOT = iphoneos;
				SWIFT_COMPILATION_MODE = wholemodule;
				SWIFT_OPTIMIZATION_LEVEL = "-O";
				VALIDATE_PRODUCT = YES;
			};
			name = Release;
		};
		CEEE980628C5895C0071BED0 /* Debug */ = {
			isa = XCBuildConfiguration;
			buildSettings = {
				ASSETCATALOG_COMPILER_APPICON_NAME = AppIcon;
				ASSETCATALOG_COMPILER_GLOBAL_ACCENT_COLOR_NAME = AccentColor;
				CODE_SIGN_STYLE = Automatic;
				CURRENT_PROJECT_VERSION = 1;
				GENERATE_INFOPLIST_FILE = YES;
				INFOPLIST_FILE = PokeApp/Info.plist;
				INFOPLIST_KEY_UIApplicationSupportsIndirectInputEvents = YES;
				INFOPLIST_KEY_UILaunchStoryboardName = LaunchScreen;
				INFOPLIST_KEY_UISupportedInterfaceOrientations_iPad = "UIInterfaceOrientationPortrait UIInterfaceOrientationPortraitUpsideDown UIInterfaceOrientationLandscapeLeft UIInterfaceOrientationLandscapeRight";
				INFOPLIST_KEY_UISupportedInterfaceOrientations_iPhone = "UIInterfaceOrientationPortrait UIInterfaceOrientationLandscapeLeft UIInterfaceOrientationLandscapeRight";
				LD_RUNPATH_SEARCH_PATHS = (
					"$(inherited)",
					"@executable_path/Frameworks",
				);
				MARKETING_VERSION = 1.0;
				PRODUCT_BUNDLE_IDENTIFIER = sales.mentor.nnt.com.PokeApp;
				PRODUCT_NAME = "$(TARGET_NAME)";
				SWIFT_EMIT_LOC_STRINGS = YES;
				SWIFT_VERSION = 5.0;
				TARGETED_DEVICE_FAMILY = 1;
			};
			name = Debug;
		};
		CEEE980728C5895C0071BED0 /* Release */ = {
			isa = XCBuildConfiguration;
			buildSettings = {
				ASSETCATALOG_COMPILER_APPICON_NAME = AppIcon;
				ASSETCATALOG_COMPILER_GLOBAL_ACCENT_COLOR_NAME = AccentColor;
				CODE_SIGN_STYLE = Automatic;
				CURRENT_PROJECT_VERSION = 1;
				GENERATE_INFOPLIST_FILE = YES;
				INFOPLIST_FILE = PokeApp/Info.plist;
				INFOPLIST_KEY_UIApplicationSupportsIndirectInputEvents = YES;
				INFOPLIST_KEY_UILaunchStoryboardName = LaunchScreen;
				INFOPLIST_KEY_UISupportedInterfaceOrientations_iPad = "UIInterfaceOrientationPortrait UIInterfaceOrientationPortraitUpsideDown UIInterfaceOrientationLandscapeLeft UIInterfaceOrientationLandscapeRight";
				INFOPLIST_KEY_UISupportedInterfaceOrientations_iPhone = "UIInterfaceOrientationPortrait UIInterfaceOrientationLandscapeLeft UIInterfaceOrientationLandscapeRight";
				LD_RUNPATH_SEARCH_PATHS = (
					"$(inherited)",
					"@executable_path/Frameworks",
				);
				MARKETING_VERSION = 1.0;
				PRODUCT_BUNDLE_IDENTIFIER = sales.mentor.nnt.com.PokeApp;
				PRODUCT_NAME = "$(TARGET_NAME)";
				SWIFT_EMIT_LOC_STRINGS = YES;
				SWIFT_VERSION = 5.0;
				TARGETED_DEVICE_FAMILY = 1;
			};
			name = Release;
		};
/* End XCBuildConfiguration section */

/* Begin XCConfigurationList section */
		CE4416DC28CA99CC00FF18FC /* Build configuration list for PBXNativeTarget "PokeAppTests" */ = {
			isa = XCConfigurationList;
			buildConfigurations = (
				CE4416DA28CA99CC00FF18FC /* Debug */,
				CE4416DB28CA99CC00FF18FC /* Release */,
			);
			defaultConfigurationIsVisible = 0;
			defaultConfigurationName = Release;
		};
		CEEE97EC28C5895B0071BED0 /* Build configuration list for PBXProject "PokeApp" */ = {
			isa = XCConfigurationList;
			buildConfigurations = (
				CEEE980328C5895C0071BED0 /* Debug */,
				CEEE980428C5895C0071BED0 /* Release */,
			);
			defaultConfigurationIsVisible = 0;
			defaultConfigurationName = Release;
		};
		CEEE980528C5895C0071BED0 /* Build configuration list for PBXNativeTarget "PokeApp" */ = {
			isa = XCConfigurationList;
			buildConfigurations = (
				CEEE980628C5895C0071BED0 /* Debug */,
				CEEE980728C5895C0071BED0 /* Release */,
			);
			defaultConfigurationIsVisible = 0;
			defaultConfigurationName = Release;
		};
/* End XCConfigurationList section */
	};
	rootObject = CEEE97E928C5895B0071BED0 /* Project object */;
}
